
Microsoft Visual Studio Solution File, Format Version 12.00
# Visual Studio Version 17
VisualStudioVersion = 17.4.32912.340
MinimumVisualStudioVersion = 10.0.40219.1
Project("{9A19103F-16F7-4668-BE54-9A1E7A4F7556}") = "OOSE.FizzBuzzKata.FizzBuzzLogic", "OOSE.FizzBuzzKata.FizzBuzzLogic\OOSE.FizzBuzzKata.FizzBuzzLogic.csproj", "{76BD8A81-277F-40CD-AB24-E7A35D018016}"
EndProject
Project("{9A19103F-16F7-4668-BE54-9A1E7A4F7556}") = "OOSE.FizzBuzzKata.Tests", "OOSE.FizzBuzzKata.Tests\OOSE.FizzBuzzKata.Tests.csproj", "{94D6A3B5-579C-4B4E-BE69-BDF0238F1D4D}"
EndProject
Project("{FAE04EC0-301F-11D3-BF4B-00C04F79EFBC}") = "OOSE.FizzBuzzKata.App", "OOSE.FizzBuzzKata.App\OOSE.FizzBuzzKata.App.csproj", "{25F4CD65-34EA-4B23-A2F9-5B10FC64F6C3}"
EndProject
Global
	GlobalSection(SolutionConfigurationPlatforms) = preSolution
		Debug|Any CPU = Debug|Any CPU
		Release|Any CPU = Release|Any CPU
	EndGlobalSection
	GlobalSection(ProjectConfigurationPlatforms) = postSolution
		{76BD8A81-277F-40CD-AB24-E7A35D018016}.Debug|Any CPU.ActiveCfg = Debug|Any CPU
		{76BD8A81-277F-40CD-AB24-E7A35D018016}.Debug|Any CPU.Build.0 = Debug|Any CPU
		{76BD8A81-277F-40CD-AB24-E7A35D018016}.Release|Any CPU.ActiveCfg = Release|Any CPU
		{76BD8A81-277F-40CD-AB24-E7A35D018016}.Release|Any CPU.Build.0 = Release|Any CPU
		{94D6A3B5-579C-4B4E-BE69-BDF0238F1D4D}.Debug|Any CPU.ActiveCfg = Debug|Any CPU
		{94D6A3B5-579C-4B4E-BE69-BDF0238F1D4D}.Debug|Any CPU.Build.0 = Debug|Any CPU
		{94D6A3B5-579C-4B4E-BE69-BDF0238F1D4D}.Release|Any CPU.ActiveCfg = Release|Any CPU
		{94D6A3B5-579C-4B4E-BE69-BDF0238F1D4D}.Release|Any CPU.Build.0 = Release|Any CPU
		{25F4CD65-34EA-4B23-A2F9-5B10FC64F6C3}.Debug|Any CPU.ActiveCfg = Debug|Any CPU
		{25F4CD65-34EA-4B23-A2F9-5B10FC64F6C3}.Debug|Any CPU.Build.0 = Debug|Any CPU
		{25F4CD65-34EA-4B23-A2F9-5B10FC64F6C3}.Release|Any CPU.ActiveCfg = Release|Any CPU
		{25F4CD65-34EA-4B23-A2F9-5B10FC64F6C3}.Release|Any CPU.Build.0 = Release|Any CPU
	EndGlobalSection
	GlobalSection(SolutionProperties) = preSolution
		HideSolutionNode = FALSE
	EndGlobalSection
	GlobalSection(ExtensibilityGlobals) = postSolution
		SolutionGuid = {E95D2C31-76FC-4A3C-92B3-F3378E701367}
	EndGlobalSection
EndGlobal
